{
  "version": 4,
  "terraform_version": "1.13.3",
  "serial": 365,
  "lineage": "5c383651-2787-2368-f510-6bb5bb4ad58e",
  "outputs": {
    "ec2_private_ip": {
      "value": [
        "172.31.47.27"
      ],
      "type": [
        "tuple",
        [
          "string"
        ]
      ]
    },
    "ec2_public_ip": {
      "value": [
        "43.205.216.72"
      ],
      "type": [
        "tuple",
        [
          "string"
        ]
      ]
    },
    "server-access": {
      "value": [
        "ssh -i ./terra-key-ec2 ubuntu@43.205.216.72"
      ],
      "type": [
        "tuple",
        [
          "string"
        ]
      ]
    },
    "website": {
      "value": [
        "http://43.205.216.72"
      ],
      "type": [
        "tuple",
        [
          "string"
        ]
      ]
    }
  },
  "resources": [
    {
      "mode": "managed",
      "type": "aws_default_subnet",
      "name": "public_ip",
      "provider": "provider[\"registry.terraform.io/hashicorp/aws\"]",
      "instances": [
        {
          "schema_version": 1,
          "attributes": {
            "arn": "arn:aws:ec2:ap-south-1:948834064527:subnet/subnet-0fac1e733e4d3a2c9",
            "assign_ipv6_address_on_creation": false,
            "availability_zone": "ap-south-1a",
            "availability_zone_id": "aps1-az1",
            "cidr_block": "172.31.32.0/20",
            "customer_owned_ipv4_pool": "",
            "enable_dns64": false,
            "enable_lni_at_device_index": 0,
            "enable_resource_name_dns_a_record_on_launch": false,
            "enable_resource_name_dns_aaaa_record_on_launch": false,
            "existing_default_subnet": true,
            "force_destroy": false,
            "id": "subnet-0fac1e733e4d3a2c9",
            "ipv6_cidr_block": "",
            "ipv6_cidr_block_association_id": "",
            "ipv6_native": false,
            "map_customer_owned_ip_on_launch": false,
            "map_public_ip_on_launch": true,
            "outpost_arn": "",
            "owner_id": "948834064527",
            "private_dns_hostname_type_on_launch": "ip-name",
            "region": "ap-south-1",
            "tags": {
              "Name": "Default Subnet"
            },
            "tags_all": {
              "Name": "Default Subnet"
            },
            "timeouts": null,
            "vpc_id": "vpc-0185fbe7219ffdd86"
          },
          "sensitive_attributes": [],
          "identity_schema_version": 0,
          "private": "eyJlMmJmYjczMC1lY2FhLTExZTYtOGY4OC0zNDM2M2JjN2M0YzAiOnsiY3JlYXRlIjo2MDAwMDAwMDAwMDAsImRlbGV0ZSI6MTIwMDAwMDAwMDAwMH0sInNjaGVtYV92ZXJzaW9uIjoiMSJ9"
        }
      ]
    },
    {
      "mode": "managed",
      "type": "aws_default_vpc",
      "name": "default",
      "provider": "provider[\"registry.terraform.io/hashicorp/aws\"]",
      "instances": [
        {
          "schema_version": 1,
          "attributes": {
            "arn": "arn:aws:ec2:ap-south-1:948834064527:vpc/vpc-0185fbe7219ffdd86",
            "assign_generated_ipv6_cidr_block": false,
            "cidr_block": "172.31.0.0/16",
            "default_network_acl_id": "acl-0d033c856247046a7",
            "default_route_table_id": "rtb-0fb655eeeddb07787",
            "default_security_group_id": "sg-0a3d03a929afd6af8",
            "dhcp_options_id": "dopt-0747339b292cab643",
            "enable_dns_hostnames": true,
            "enable_dns_support": true,
            "enable_network_address_usage_metrics": false,
            "existing_default_vpc": true,
            "force_destroy": false,
            "id": "vpc-0185fbe7219ffdd86",
            "instance_tenancy": "default",
            "ipv6_association_id": "",
            "ipv6_cidr_block": "",
            "ipv6_cidr_block_network_border_group": "",
            "ipv6_ipam_pool_id": "",
            "ipv6_netmask_length": 0,
            "main_route_table_id": "rtb-0fb655eeeddb07787",
            "owner_id": "948834064527",
            "region": "ap-south-1",
            "tags": {
              "Name": "Default VPC"
            },
            "tags_all": {
              "Name": "Default VPC"
            }
          },
          "sensitive_attributes": [],
          "identity_schema_version": 0,
          "private": "eyJzY2hlbWFfdmVyc2lvbiI6IjEifQ=="
        }
      ]
    },
    {
      "mode": "managed",
      "type": "aws_instance",
      "name": "my_instance",
      "provider": "provider[\"registry.terraform.io/hashicorp/aws\"]",
      "instances": [
        {
          "index_key": "Instance1",
          "schema_version": 2,
          "attributes": {
            "ami": "ami-02b8269d5e85954ef",
            "arn": "arn:aws:ec2:ap-south-1:948834064527:instance/i-02e50104206a5b2e2",
            "associate_public_ip_address": true,
            "availability_zone": "ap-south-1a",
            "capacity_reservation_specification": [
              {
                "capacity_reservation_preference": "open",
                "capacity_reservation_target": []
              }
            ],
            "cpu_options": [
              {
                "amd_sev_snp": "",
                "core_count": 1,
                "threads_per_core": 2
              }
            ],
            "credit_specification": [],
            "disable_api_stop": false,
            "disable_api_termination": false,
            "ebs_block_device": [],
            "ebs_optimized": false,
            "enable_primary_ipv6": null,
            "enclave_options": [
              {
                "enabled": false
              }
            ],
            "ephemeral_block_device": [],
            "force_destroy": false,
            "get_password_data": false,
            "hibernation": false,
            "host_id": "",
            "host_resource_group_arn": null,
            "iam_instance_profile": "",
            "id": "i-02e50104206a5b2e2",
            "instance_initiated_shutdown_behavior": "stop",
            "instance_lifecycle": "",
            "instance_market_options": [],
            "instance_state": "running",
            "instance_type": "c7i-flex.large",
            "ipv6_address_count": 0,
            "ipv6_addresses": [],
            "key_name": "terra-key-ec2",
            "launch_template": [],
            "maintenance_options": [
              {
                "auto_recovery": "default"
              }
            ],
            "metadata_options": [
              {
                "http_endpoint": "enabled",
                "http_protocol_ipv6": "disabled",
                "http_put_response_hop_limit": 2,
                "http_tokens": "required",
                "instance_metadata_tags": "disabled"
              }
            ],
            "monitoring": false,
            "network_interface": [],
            "outpost_arn": "",
            "password_data": "",
            "placement_group": "",
            "placement_group_id": "",
            "placement_partition_number": 0,
            "primary_network_interface": [
              {
                "delete_on_termination": true,
                "network_interface_id": "eni-0086a20f4bd24b22c"
              }
            ],
            "primary_network_interface_id": "eni-0086a20f4bd24b22c",
            "private_dns": "ip-172-31-47-27.ap-south-1.compute.internal",
            "private_dns_name_options": [
              {
                "enable_resource_name_dns_a_record": false,
                "enable_resource_name_dns_aaaa_record": false,
                "hostname_type": "ip-name"
              }
            ],
            "private_ip": "172.31.47.27",
            "public_dns": "ec2-43-205-216-72.ap-south-1.compute.amazonaws.com",
            "public_ip": "43.205.216.72",
            "region": "ap-south-1",
            "root_block_device": [
              {
                "delete_on_termination": true,
                "device_name": "/dev/sda1",
                "encrypted": false,
                "iops": 3000,
                "kms_key_id": "",
                "tags": null,
                "tags_all": {},
                "throughput": 125,
                "volume_id": "vol-036bea81fdfa1f626",
                "volume_size": 30,
                "volume_type": "gp3"
              }
            ],
            "secondary_private_ips": [],
            "security_groups": [
              "my_instane_sg"
            ],
            "source_dest_check": true,
            "spot_instance_request_id": "",
            "subnet_id": "subnet-0fac1e733e4d3a2c9",
            "tags": {
              "Dept": "Operations",
              "Name": "Instance1"
            },
            "tags_all": {
              "Dept": "Operations",
              "Name": "Instance1"
            },
            "tenancy": "default",
            "timeouts": null,
            "user_data": "#!/bin/bash\n\n#install nginx\n# apt update -y\n# apt install nginx -y\n# systemctl start nginx\n# systemctl enable nginx\n# echo \"\u003ch1\u003eThis server is built from Terraform\u003c/h1\u003e\" \u003e /var/www/html/index.html\n\n#install kind\n# For AMD64 / x86_64\n[ $(uname -m) = x86_64 ] \u0026\u0026 curl -Lo ./kind https://kind.sigs.k8s.io/dl/v0.31.0/kind-linux-amd64\nchmod +x ./kind\nsudo mv ./kind /usr/local/bin/kind\nkind version\n\n#install kubectl\ncurl -LO \"https://dl.k8s.io/release/$(curl -L -s https://dl.k8s.io/release/stable.txt)/bin/linux/amd64/kubectl\"\ncurl -LO \"https://dl.k8s.io/release/$(curl -L -s https://dl.k8s.io/release/stable.txt)/bin/linux/amd64/kubectl.sha256\"\necho \"$(cat kubectl.sha256)  kubectl\" | sha256sum --check\nsudo install -o root -g root -m 0755 kubectl /usr/local/bin/kubectl\nkubectl version --client\n\n#install docker\nsudo apt-get update\nsudo apt-get install -y docker.io\nsudo chmod 666 /var/run/docker.sock\n#sudo usermod -aG docker $USER\n#newgrp docker\nsudo systemctl enable docker\nsudo systemctl start docker\ndocker --version\n\n#install docker compose\nsudo apt install -y docker-compose\ndocker-compose version\n",
            "user_data_base64": null,
            "user_data_replace_on_change": false,
            "volume_tags": null,
            "vpc_security_group_ids": [
              "sg-05068215418eb6e37"
            ]
          },
          "sensitive_attributes": [],
          "identity_schema_version": 0,
          "identity": {
            "account_id": "948834064527",
            "id": "i-02e50104206a5b2e2",
            "region": "ap-south-1"
          },
          "private": "eyJlMmJmYjczMC1lY2FhLTExZTYtOGY4OC0zNDM2M2JjN2M0YzAiOnsiY3JlYXRlIjo2MDAwMDAwMDAwMDAsImRlbGV0ZSI6MTIwMDAwMDAwMDAwMCwicmVhZCI6OTAwMDAwMDAwMDAwLCJ1cGRhdGUiOjYwMDAwMDAwMDAwMH0sInNjaGVtYV92ZXJzaW9uIjoiMiJ9",
          "dependencies": [
            "aws_default_subnet.public_ip",
            "aws_default_vpc.default",
            "aws_key_pair.deployer",
            "aws_security_group.my-sg"
          ]
        }
      ]
    },
    {
      "mode": "managed",
      "type": "aws_key_pair",
      "name": "deployer",
      "provider": "provider[\"registry.terraform.io/hashicorp/aws\"]",
      "instances": [
        {
          "schema_version": 1,
          "attributes": {
            "arn": "arn:aws:ec2:ap-south-1:948834064527:key-pair/terra-key-ec2",
            "fingerprint": "93:ab:0a:36:5c:ad:c7:cd:8e:65:7e:36:81:ff:c9:64",
            "id": "terra-key-ec2",
            "key_name": "terra-key-ec2",
            "key_name_prefix": "",
            "key_pair_id": "key-0b415b754a0ca1733",
            "key_type": "rsa",
            "public_key": "ssh-rsa AAAAB3NzaC1yc2EAAAADAQABAAACAQDCM6qjzW/cyEccdEa8iNIacCDSKLvMTTsfXUXPlHDSwoiogzTD03Oy8CrsGGomZ9fyZzpu0mmzBcn7MMLR+QZz7uv9MfySx0Hnj10OCYqwcffQJjEVohuouExU/0+x141HMbyL61+TYhSaq2UVytYq3pOWxIUfyvh3ajDB5WAT6Kvcw0CVvI6y1/QjhP/P0J5+BNgI0BxQhZUQ7D11oUR+jwcDSpp0UiXDPLHljuwza8U5hG0mCTCez1KUp7f8ukirNJZfYoOrcx2Et+zLF7rlYdRDoQ8Sj5bheT3gFz1IDSkTqnTTmfpQfbc1dzRybSvpcLo6QGXoNiBD1tKfqB5g1dyrzE+4n99oxitiEBrWCHxqgUqfEM4TxUIm+WjbWA4NeLTCnhYaRl2ppkGzE9AsSVZ8mixtnmmOS6O95WvWaSzgdBi0fnXtLH+5KJCyQGwaZDR1GAAyC0kujMK2DjeRXXR04T74a7RiBoj1eh24iXvwYQWpfsj4JNe6HwXgZGow1R2S1loxViyZ/dhltb3NtDaDoImJyodMaJJmT6SDpoaTqo+r8BCqqLVmKwBGpkmpXyRvg3pWbQz2nkqjG/a4AgHn1myh5+SRlVGiDkXHs/mBSTK6AJHhsCU1LYQEtB1vrH/BxgqlRTSuccsRFRE3b9sW7j0Towkg+QDQaaoWAw== Rahul@Rahul",
            "region": "ap-south-1",
            "tags": null,
            "tags_all": {}
          },
          "sensitive_attributes": [],
          "identity_schema_version": 0,
          "private": "eyJzY2hlbWFfdmVyc2lvbiI6IjEifQ=="
        }
      ]
    },
    {
      "mode": "managed",
      "type": "aws_security_group",
      "name": "my-sg",
      "provider": "provider[\"registry.terraform.io/hashicorp/aws\"]",
      "instances": [
        {
          "schema_version": 1,
          "attributes": {
            "arn": "arn:aws:ec2:ap-south-1:948834064527:security-group/sg-05068215418eb6e37",
            "description": "Allow TLS inbound traffic and all outbound traffic",
            "egress": [],
            "id": "sg-05068215418eb6e37",
            "ingress": [],
            "name": "my_instane_sg",
            "name_prefix": "",
            "owner_id": "948834064527",
            "region": "ap-south-1",
            "revoke_rules_on_delete": false,
            "tags": {
              "Name": "my_instane_sg"
            },
            "tags_all": {
              "Name": "my_instane_sg"
            },
            "timeouts": null,
            "vpc_id": "vpc-0185fbe7219ffdd86"
          },
          "sensitive_attributes": [],
          "identity_schema_version": 0,
          "identity": {
            "account_id": "948834064527",
            "id": "sg-05068215418eb6e37",
            "region": "ap-south-1"
          },
          "private": "eyJlMmJmYjczMC1lY2FhLTExZTYtOGY4OC0zNDM2M2JjN2M0YzAiOnsiY3JlYXRlIjo2MDAwMDAwMDAwMDAsImRlbGV0ZSI6OTAwMDAwMDAwMDAwfSwic2NoZW1hX3ZlcnNpb24iOiIxIn0=",
          "dependencies": [
            "aws_default_vpc.default"
          ]
        }
      ]
    },
    {
      "mode": "managed",
      "type": "aws_security_group_rule",
      "name": "my-sg-rule-out1",
      "provider": "provider[\"registry.terraform.io/hashicorp/aws\"]",
      "instances": [
        {
          "schema_version": 2,
          "attributes": {
            "cidr_blocks": [
              "0.0.0.0/0"
            ],
            "description": "Outbound Internet access",
            "from_port": 0,
            "id": "sgrule-966270902",
            "ipv6_cidr_blocks": null,
            "prefix_list_ids": null,
            "protocol": "-1",
            "region": "ap-south-1",
            "security_group_id": "sg-05068215418eb6e37",
            "security_group_rule_id": "sgr-0e4196971cb9bf930",
            "self": false,
            "source_security_group_id": null,
            "timeouts": null,
            "to_port": 0,
            "type": "egress"
          },
          "sensitive_attributes": [],
          "identity_schema_version": 0,
          "private": "eyJlMmJmYjczMC1lY2FhLTExZTYtOGY4OC0zNDM2M2JjN2M0YzAiOnsiY3JlYXRlIjozMDAwMDAwMDAwMDB9LCJzY2hlbWFfdmVyc2lvbiI6IjIifQ==",
          "dependencies": [
            "aws_default_vpc.default",
            "aws_security_group.my-sg"
          ]
        }
      ]
    },
    {
      "mode": "managed",
      "type": "aws_security_group_rule",
      "name": "my-sg-rule_custom_http",
      "provider": "provider[\"registry.terraform.io/hashicorp/aws\"]",
      "instances": [
        {
          "schema_version": 2,
          "attributes": {
            "cidr_blocks": [
              "0.0.0.0/0"
            ],
            "description": "Allow custom tcp access",
            "from_port": 8080,
            "id": "sgrule-1253769420",
            "ipv6_cidr_blocks": null,
            "prefix_list_ids": null,
            "protocol": "tcp",
            "region": "ap-south-1",
            "security_group_id": "sg-05068215418eb6e37",
            "security_group_rule_id": "sgr-05e9cfb5e37f334e9",
            "self": false,
            "source_security_group_id": null,
            "timeouts": null,
            "to_port": 8080,
            "type": "ingress"
          },
          "sensitive_attributes": [],
          "identity_schema_version": 0,
          "private": "eyJlMmJmYjczMC1lY2FhLTExZTYtOGY4OC0zNDM2M2JjN2M0YzAiOnsiY3JlYXRlIjozMDAwMDAwMDAwMDB9LCJzY2hlbWFfdmVyc2lvbiI6IjIifQ==",
          "dependencies": [
            "aws_default_vpc.default",
            "aws_security_group.my-sg"
          ]
        }
      ]
    },
    {
      "mode": "managed",
      "type": "aws_security_group_rule",
      "name": "my-sg-rule_http",
      "provider": "provider[\"registry.terraform.io/hashicorp/aws\"]",
      "instances": [
        {
          "schema_version": 2,
          "attributes": {
            "cidr_blocks": [
              "0.0.0.0/0"
            ],
            "description": "Allow http access",
            "from_port": 80,
            "id": "sgrule-865738384",
            "ipv6_cidr_blocks": null,
            "prefix_list_ids": null,
            "protocol": "tcp",
            "region": "ap-south-1",
            "security_group_id": "sg-05068215418eb6e37",
            "security_group_rule_id": "sgr-03431aef769275152",
            "self": false,
            "source_security_group_id": null,
            "timeouts": null,
            "to_port": 80,
            "type": "ingress"
          },
          "sensitive_attributes": [],
          "identity_schema_version": 0,
          "private": "eyJlMmJmYjczMC1lY2FhLTExZTYtOGY4OC0zNDM2M2JjN2M0YzAiOnsiY3JlYXRlIjozMDAwMDAwMDAwMDB9LCJzY2hlbWFfdmVyc2lvbiI6IjIifQ==",
          "dependencies": [
            "aws_default_vpc.default",
            "aws_security_group.my-sg"
          ]
        }
      ]
    },
    {
      "mode": "managed",
      "type": "aws_security_group_rule",
      "name": "my-sg-rule_ssh",
      "provider": "provider[\"registry.terraform.io/hashicorp/aws\"]",
      "instances": [
        {
          "schema_version": 2,
          "attributes": {
            "cidr_blocks": [
              "0.0.0.0/0"
            ],
            "description": "Allow ssh access",
            "from_port": 22,
            "id": "sgrule-2062531803",
            "ipv6_cidr_blocks": null,
            "prefix_list_ids": null,
            "protocol": "tcp",
            "region": "ap-south-1",
            "security_group_id": "sg-05068215418eb6e37",
            "security_group_rule_id": "sgr-0ef70d16a4d98df08",
            "self": false,
            "source_security_group_id": null,
            "timeouts": null,
            "to_port": 22,
            "type": "ingress"
          },
          "sensitive_attributes": [],
          "identity_schema_version": 0,
          "private": "eyJlMmJmYjczMC1lY2FhLTExZTYtOGY4OC0zNDM2M2JjN2M0YzAiOnsiY3JlYXRlIjozMDAwMDAwMDAwMDB9LCJzY2hlbWFfdmVyc2lvbiI6IjIifQ==",
          "dependencies": [
            "aws_default_vpc.default",
            "aws_security_group.my-sg"
          ]
        }
      ]
    },
    {
      "mode": "managed",
      "type": "null_resource",
      "name": "copy_files",
      "provider": "provider[\"registry.terraform.io/hashicorp/null\"]",
      "instances": [
        {
          "index_key": "Instance1",
          "schema_version": 0,
          "attributes": {
            "id": "266426599",
            "triggers": null
          },
          "sensitive_attributes": [],
          "identity_schema_version": 0,
          "dependencies": [
            "aws_default_subnet.public_ip",
            "aws_default_vpc.default",
            "aws_instance.my_instance",
            "aws_key_pair.deployer",
            "aws_security_group.my-sg"
          ]
        }
      ]
    }
  ],
  "check_results": null
}
